
Microsoft Visual Studio Solution File, Format Version 12.00
# Visual Studio Version 17
VisualStudioVersion = 17.9.34728.123
MinimumVisualStudioVersion = 10.0.40219.1
Project("{FAE04EC0-301F-11D3-BF4B-00C04F79EFBC}") = "cee_suck_lab_1", "cee_suck_lab_1.csproj", "{6E7B53D1-4E43-4BA3-95EB-567B31475069}"
EndProject
Global
	GlobalSection(SolutionConfigurationPlatforms) = preSolution
		Debug|Any CPU = Debug|Any CPU
		Release|Any CPU = Release|Any CPU
	EndGlobalSection
	GlobalSection(ProjectConfigurationPlatforms) = postSolution
		{6E7B53D1-4E43-4BA3-95EB-567B31475069}.Debug|Any CPU.ActiveCfg = Debug|Any CPU
		{6E7B53D1-4E43-4BA3-95EB-567B31475069}.Debug|Any CPU.Build.0 = Debug|Any CPU
		{6E7B53D1-4E43-4BA3-95EB-567B31475069}.Release|Any CPU.ActiveCfg = Release|Any CPU
		{6E7B53D1-4E43-4BA3-95EB-567B31475069}.Release|Any CPU.Build.0 = Release|Any CPU
	EndGlobalSection
	GlobalSection(SolutionProperties) = preSolution
		HideSolutionNode = FALSE
	EndGlobalSection
	GlobalSection(ExtensibilityGlobals) = postSolution
		SolutionGuid = {E76AC257-E7D9-4634-A3C6-707D638A2C65}
	EndGlobalSection
EndGlobal
